
Microsoft Visual Studio Solution File, Format Version 12.00
# Visual Studio 15
VisualStudioVersion = 15.0.27703.2042
MinimumVisualStudioVersion = 10.0.40219.1
Project("{9A19103F-16F7-4668-BE54-9A1E7A4F7556}") = "DiamondBuilder", "DiamondBuilder\DiamondBuilder.csproj", "{97EB4CBF-77E4-449B-85D9-E6D0E6C75949}"
EndProject
Project("{9A19103F-16F7-4668-BE54-9A1E7A4F7556}") = "RomanNumeralsEncoder", "RomanNumeralsEncoder\RomanNumeralsEncoder.csproj", "{E725C168-355B-40A2-8B8D-BC3E63E85498}"
EndProject
Project("{9A19103F-16F7-4668-BE54-9A1E7A4F7556}") = "CamelCase", "CamelCase\CamelCase.csproj", "{4735D890-D0C2-412E-B1DF-0FAC3437E4D2}"
EndProject
Project("{9A19103F-16F7-4668-BE54-9A1E7A4F7556}") = "AnagramFinder", "AnagramFinder\AnagramFinder.csproj", "{B9A5F749-1BA7-42AF-AEF8-458C77A70BA5}"
EndProject
Project("{9A19103F-16F7-4668-BE54-9A1E7A4F7556}") = "StringSplitter", "StringSplitter\StringSplitter.csproj", "{5114D3AD-2112-4909-A643-5D04B24DDDF0}"
EndProject
Project("{FAE04EC0-301F-11D3-BF4B-00C04F79EFBC}") = "TenMinuteWalk", "TenMinuteWalk\TenMinuteWalk.csproj", "{2D74BA88-EE8E-46C2-B5FA-E6BB1A065246}"
EndProject
Global
	GlobalSection(SolutionConfigurationPlatforms) = preSolution
		Debug|Any CPU = Debug|Any CPU
		Release|Any CPU = Release|Any CPU
	EndGlobalSection
	GlobalSection(ProjectConfigurationPlatforms) = postSolution
		{97EB4CBF-77E4-449B-85D9-E6D0E6C75949}.Debug|Any CPU.ActiveCfg = Debug|Any CPU
		{97EB4CBF-77E4-449B-85D9-E6D0E6C75949}.Debug|Any CPU.Build.0 = Debug|Any CPU
		{97EB4CBF-77E4-449B-85D9-E6D0E6C75949}.Release|Any CPU.ActiveCfg = Release|Any CPU
		{97EB4CBF-77E4-449B-85D9-E6D0E6C75949}.Release|Any CPU.Build.0 = Release|Any CPU
		{E725C168-355B-40A2-8B8D-BC3E63E85498}.Debug|Any CPU.ActiveCfg = Debug|Any CPU
		{E725C168-355B-40A2-8B8D-BC3E63E85498}.Debug|Any CPU.Build.0 = Debug|Any CPU
		{E725C168-355B-40A2-8B8D-BC3E63E85498}.Release|Any CPU.ActiveCfg = Release|Any CPU
		{E725C168-355B-40A2-8B8D-BC3E63E85498}.Release|Any CPU.Build.0 = Release|Any CPU
		{4735D890-D0C2-412E-B1DF-0FAC3437E4D2}.Debug|Any CPU.ActiveCfg = Debug|Any CPU
		{4735D890-D0C2-412E-B1DF-0FAC3437E4D2}.Debug|Any CPU.Build.0 = Debug|Any CPU
		{4735D890-D0C2-412E-B1DF-0FAC3437E4D2}.Release|Any CPU.ActiveCfg = Release|Any CPU
		{4735D890-D0C2-412E-B1DF-0FAC3437E4D2}.Release|Any CPU.Build.0 = Release|Any CPU
		{B9A5F749-1BA7-42AF-AEF8-458C77A70BA5}.Debug|Any CPU.ActiveCfg = Debug|Any CPU
		{B9A5F749-1BA7-42AF-AEF8-458C77A70BA5}.Debug|Any CPU.Build.0 = Debug|Any CPU
		{B9A5F749-1BA7-42AF-AEF8-458C77A70BA5}.Release|Any CPU.ActiveCfg = Release|Any CPU
		{B9A5F749-1BA7-42AF-AEF8-458C77A70BA5}.Release|Any CPU.Build.0 = Release|Any CPU
		{5114D3AD-2112-4909-A643-5D04B24DDDF0}.Debug|Any CPU.ActiveCfg = Debug|Any CPU
		{5114D3AD-2112-4909-A643-5D04B24DDDF0}.Debug|Any CPU.Build.0 = Debug|Any CPU
		{5114D3AD-2112-4909-A643-5D04B24DDDF0}.Release|Any CPU.ActiveCfg = Release|Any CPU
		{5114D3AD-2112-4909-A643-5D04B24DDDF0}.Release|Any CPU.Build.0 = Release|Any CPU
		{2D74BA88-EE8E-46C2-B5FA-E6BB1A065246}.Debug|Any CPU.ActiveCfg = Debug|Any CPU
		{2D74BA88-EE8E-46C2-B5FA-E6BB1A065246}.Debug|Any CPU.Build.0 = Debug|Any CPU
		{2D74BA88-EE8E-46C2-B5FA-E6BB1A065246}.Release|Any CPU.ActiveCfg = Release|Any CPU
		{2D74BA88-EE8E-46C2-B5FA-E6BB1A065246}.Release|Any CPU.Build.0 = Release|Any CPU
	EndGlobalSection
	GlobalSection(SolutionProperties) = preSolution
		HideSolutionNode = FALSE
	EndGlobalSection
	GlobalSection(ExtensibilityGlobals) = postSolution
		SolutionGuid = {34A8AE38-B162-450F-B701-AD4B2D3F0BEA}
	EndGlobalSection
EndGlobal
